// !$*UTF8*$!
{
	archiveVersion = 1;
	classes = {
	};
	objectVersion = 46;
	objects = {

/* Begin PBXBuildFile section */
		495D875514AAA1E2003B2459 /* FacebookConnectPlugin.m in Sources */ = {isa = PBXBuildFile; fileRef = 495D875414AAA1E2003B2459 /* FacebookConnectPlugin.m */; };
		495D877A14AAA2CF003B2459 /* FBDialog.bundle in Resources */ = {isa = PBXBuildFile; fileRef = 495D876214AAA2CF003B2459 /* FBDialog.bundle */; };
		495D877B14AAA2CF003B2459 /* NSObject+SBJSON.m in Sources */ = {isa = PBXBuildFile; fileRef = 495D876F14AAA2CF003B2459 /* NSObject+SBJSON.m */; };
		495D877C14AAA2CF003B2459 /* NSString+SBJSON.m in Sources */ = {isa = PBXBuildFile; fileRef = 495D877114AAA2CF003B2459 /* NSString+SBJSON.m */; };
		495D877D14AAA2CF003B2459 /* SBJSON.m in Sources */ = {isa = PBXBuildFile; fileRef = 495D877314AAA2CF003B2459 /* SBJSON.m */; };
		495D877E14AAA2CF003B2459 /* SBJsonBase.m in Sources */ = {isa = PBXBuildFile; fileRef = 495D877514AAA2CF003B2459 /* SBJsonBase.m */; };
		495D877F14AAA2CF003B2459 /* SBJsonParser.m in Sources */ = {isa = PBXBuildFile; fileRef = 495D877714AAA2CF003B2459 /* SBJsonParser.m */; };
		495D878014AAA2CF003B2459 /* SBJsonWriter.m in Sources */ = {isa = PBXBuildFile; fileRef = 495D877914AAA2CF003B2459 /* SBJsonWriter.m */; };
		495D878114AAA2CF003B2459 /* FBRequest.m in Sources */ = {isa = PBXBuildFile; fileRef = 495D876614AAA2CF003B2459 /* FBRequest.m */; };
		495D878214AAA2CF003B2459 /* Facebook.m in Sources */ = {isa = PBXBuildFile; fileRef = 495D876714AAA2CF003B2459 /* Facebook.m */; };
		495D878314AAA2CF003B2459 /* FBLoginDialog.m in Sources */ = {isa = PBXBuildFile; fileRef = 495D876A14AAA2CF003B2459 /* FBLoginDialog.m */; };
		495D878414AAA2CF003B2459 /* FBDialog.m in Sources */ = {isa = PBXBuildFile; fileRef = 495D876C14AAA2CF003B2459 /* FBDialog.m */; };
		49B2290D148428EE0061EBB1 /* Foundation.framework in Frameworks */ = {isa = PBXBuildFile; fileRef = 49B2290C148428EE0061EBB1 /* Foundation.framework */; };
		49B2290F148428EE0061EBB1 /* UIKit.framework in Frameworks */ = {isa = PBXBuildFile; fileRef = 49B2290E148428EE0061EBB1 /* UIKit.framework */; };
		49B22911148428EE0061EBB1 /* CoreGraphics.framework in Frameworks */ = {isa = PBXBuildFile; fileRef = 49B22910148428EE0061EBB1 /* CoreGraphics.framework */; };
		49B22913148428EE0061EBB1 /* AddressBook.framework in Frameworks */ = {isa = PBXBuildFile; fileRef = 49B22912148428EE0061EBB1 /* AddressBook.framework */; };
		49B22915148428EE0061EBB1 /* AddressBookUI.framework in Frameworks */ = {isa = PBXBuildFile; fileRef = 49B22914148428EE0061EBB1 /* AddressBookUI.framework */; };
		49B22917148428EE0061EBB1 /* AudioToolbox.framework in Frameworks */ = {isa = PBXBuildFile; fileRef = 49B22916148428EE0061EBB1 /* AudioToolbox.framework */; };
		49B22919148428EE0061EBB1 /* AVFoundation.framework in Frameworks */ = {isa = PBXBuildFile; fileRef = 49B22918148428EE0061EBB1 /* AVFoundation.framework */; };
		49B2291B148428EE0061EBB1 /* CoreLocation.framework in Frameworks */ = {isa = PBXBuildFile; fileRef = 49B2291A148428EE0061EBB1 /* CoreLocation.framework */; };
		49B2291D148428EE0061EBB1 /* MediaPlayer.framework in Frameworks */ = {isa = PBXBuildFile; fileRef = 49B2291C148428EE0061EBB1 /* MediaPlayer.framework */; };
		49B2291F148428EE0061EBB1 /* QuartzCore.framework in Frameworks */ = {isa = PBXBuildFile; fileRef = 49B2291E148428EE0061EBB1 /* QuartzCore.framework */; };
		49B22921148428EE0061EBB1 /* SystemConfiguration.framework in Frameworks */ = {isa = PBXBuildFile; fileRef = 49B22920148428EE0061EBB1 /* SystemConfiguration.framework */; };
		49B22923148428EE0061EBB1 /* MobileCoreServices.framework in Frameworks */ = {isa = PBXBuildFile; fileRef = 49B22922148428EE0061EBB1 /* MobileCoreServices.framework */; };
		49B22925148428EE0061EBB1 /* CoreMedia.framework in Frameworks */ = {isa = PBXBuildFile; fileRef = 49B22924148428EE0061EBB1 /* CoreMedia.framework */; };
		49B2292B148428EE0061EBB1 /* InfoPlist.strings in Resources */ = {isa = PBXBuildFile; fileRef = 49B22929148428EE0061EBB1 /* InfoPlist.strings */; };
		49B2292E148428EE0061EBB1 /* main.m in Sources */ = {isa = PBXBuildFile; fileRef = 49B2292D148428EE0061EBB1 /* main.m */; };
		49B22930148428EE0061EBB1 /* PhoneGap.framework in Frameworks */ = {isa = PBXBuildFile; fileRef = 49B2292F148428EE0061EBB1 /* PhoneGap.framework */; };
		49B22935148428EE0061EBB1 /* Localizable.strings in Resources */ = {isa = PBXBuildFile; fileRef = 49B22933148428EE0061EBB1 /* Localizable.strings */; };
		49B22939148428EE0061EBB1 /* Localizable.strings in Resources */ = {isa = PBXBuildFile; fileRef = 49B22937148428EE0061EBB1 /* Localizable.strings */; };
		49B2293C148428EE0061EBB1 /* icon.png in Resources */ = {isa = PBXBuildFile; fileRef = 49B2293B148428EE0061EBB1 /* icon.png */; };
		49B2293E148428EE0061EBB1 /* icon@2x.png in Resources */ = {isa = PBXBuildFile; fileRef = 49B2293D148428EE0061EBB1 /* icon@2x.png */; };
		49B22940148428EE0061EBB1 /* icon-72.png in Resources */ = {isa = PBXBuildFile; fileRef = 49B2293F148428EE0061EBB1 /* icon-72.png */; };
		49B22943148428EE0061EBB1 /* Default.png in Resources */ = {isa = PBXBuildFile; fileRef = 49B22942148428EE0061EBB1 /* Default.png */; };
		49B22945148428EE0061EBB1 /* Default@2x.png in Resources */ = {isa = PBXBuildFile; fileRef = 49B22944148428EE0061EBB1 /* Default@2x.png */; };
		49B22947148428EE0061EBB1 /* Capture.bundle in Resources */ = {isa = PBXBuildFile; fileRef = 49B22946148428EE0061EBB1 /* Capture.bundle */; };
		49B22949148428EE0061EBB1 /* PhoneGap.plist in Resources */ = {isa = PBXBuildFile; fileRef = 49B22948148428EE0061EBB1 /* PhoneGap.plist */; };
		49B2294D148428EE0061EBB1 /* AppDelegate.m in Sources */ = {isa = PBXBuildFile; fileRef = 49B2294C148428EE0061EBB1 /* AppDelegate.m */; };
		49B22956148429990061EBB1 /* www in Resources */ = {isa = PBXBuildFile; fileRef = 49B22955148429990061EBB1 /* www */; };
/* End PBXBuildFile section */

/* Begin PBXContainerItemProxy section */
		495D875D14AAA280003B2459 /* PBXContainerItemProxy */ = {
			isa = PBXContainerItemProxy;
			containerPortal = 495D875614AAA280003B2459 /* facebook-ios-sdk.xcodeproj */;
			proxyType = 2;
			remoteGlobalIDString = D2AAC07E0554694100DB518D;
			remoteInfo = "facebook-ios-sdk";
		};
		495D875F14AAA289003B2459 /* PBXContainerItemProxy */ = {
			isa = PBXContainerItemProxy;
			containerPortal = 495D875614AAA280003B2459 /* facebook-ios-sdk.xcodeproj */;
			proxyType = 1;
			remoteGlobalIDString = D2AAC07D0554694100DB518D;
			remoteInfo = "facebook-ios-sdk";
		};
/* End PBXContainerItemProxy section */

/* Begin PBXFileReference section */
		495D875314AAA1E2003B2459 /* FacebookConnectPlugin.h */ = {isa = PBXFileReference; fileEncoding = 4; lastKnownFileType = sourcecode.c.h; path = FacebookConnectPlugin.h; sourceTree = "<group>"; };
		495D875414AAA1E2003B2459 /* FacebookConnectPlugin.m */ = {isa = PBXFileReference; fileEncoding = 4; lastKnownFileType = sourcecode.c.objc; path = FacebookConnectPlugin.m; sourceTree = "<group>"; };
		495D875614AAA280003B2459 /* facebook-ios-sdk.xcodeproj */ = {isa = PBXFileReference; lastKnownFileType = "wrapper.pb-project"; name = "facebook-ios-sdk.xcodeproj"; path = "../facebook-ios-sdk/src/facebook-ios-sdk.xcodeproj"; sourceTree = "<group>"; };
		495D876214AAA2CF003B2459 /* FBDialog.bundle */ = {isa = PBXFileReference; lastKnownFileType = "wrapper.plug-in"; path = FBDialog.bundle; sourceTree = "<group>"; };
		495D876414AAA2CF003B2459 /* FBConnect.h */ = {isa = PBXFileReference; fileEncoding = 4; lastKnownFileType = sourcecode.c.h; path = FBConnect.h; sourceTree = "<group>"; };
		495D876514AAA2CF003B2459 /* FBRequest.h */ = {isa = PBXFileReference; fileEncoding = 4; lastKnownFileType = sourcecode.c.h; path = FBRequest.h; sourceTree = "<group>"; };
		495D876614AAA2CF003B2459 /* FBRequest.m */ = {isa = PBXFileReference; fileEncoding = 4; lastKnownFileType = sourcecode.c.objc; path = FBRequest.m; sourceTree = "<group>"; };
		495D876714AAA2CF003B2459 /* Facebook.m */ = {isa = PBXFileReference; fileEncoding = 4; lastKnownFileType = sourcecode.c.objc; path = Facebook.m; sourceTree = "<group>"; };
		495D876814AAA2CF003B2459 /* Facebook.h */ = {isa = PBXFileReference; fileEncoding = 4; lastKnownFileType = sourcecode.c.h; path = Facebook.h; sourceTree = "<group>"; };
		495D876914AAA2CF003B2459 /* FBLoginDialog.h */ = {isa = PBXFileReference; fileEncoding = 4; lastKnownFileType = sourcecode.c.h; path = FBLoginDialog.h; sourceTree = "<group>"; };
		495D876A14AAA2CF003B2459 /* FBLoginDialog.m */ = {isa = PBXFileReference; fileEncoding = 4; lastKnownFileType = sourcecode.c.objc; path = FBLoginDialog.m; sourceTree = "<group>"; };
		495D876B14AAA2CF003B2459 /* FBDialog.h */ = {isa = PBXFileReference; fileEncoding = 4; lastKnownFileType = sourcecode.c.h; path = FBDialog.h; sourceTree = "<group>"; };
		495D876C14AAA2CF003B2459 /* FBDialog.m */ = {isa = PBXFileReference; fileEncoding = 4; lastKnownFileType = sourcecode.c.objc; path = FBDialog.m; sourceTree = "<group>"; };
		495D876D14AAA2CF003B2459 /* JSON.h */ = {isa = PBXFileReference; fileEncoding = 4; lastKnownFileType = sourcecode.c.h; path = JSON.h; sourceTree = "<group>"; };
		495D876E14AAA2CF003B2459 /* NSObject+SBJSON.h */ = {isa = PBXFileReference; fileEncoding = 4; lastKnownFileType = sourcecode.c.h; path = "NSObject+SBJSON.h"; sourceTree = "<group>"; };
		495D876F14AAA2CF003B2459 /* NSObject+SBJSON.m */ = {isa = PBXFileReference; fileEncoding = 4; lastKnownFileType = sourcecode.c.objc; path = "NSObject+SBJSON.m"; sourceTree = "<group>"; };
		495D877014AAA2CF003B2459 /* NSString+SBJSON.h */ = {isa = PBXFileReference; fileEncoding = 4; lastKnownFileType = sourcecode.c.h; path = "NSString+SBJSON.h"; sourceTree = "<group>"; };
		495D877114AAA2CF003B2459 /* NSString+SBJSON.m */ = {isa = PBXFileReference; fileEncoding = 4; lastKnownFileType = sourcecode.c.objc; path = "NSString+SBJSON.m"; sourceTree = "<group>"; };
		495D877214AAA2CF003B2459 /* SBJSON.h */ = {isa = PBXFileReference; fileEncoding = 4; lastKnownFileType = sourcecode.c.h; path = SBJSON.h; sourceTree = "<group>"; };
		495D877314AAA2CF003B2459 /* SBJSON.m */ = {isa = PBXFileReference; fileEncoding = 4; lastKnownFileType = sourcecode.c.objc; path = SBJSON.m; sourceTree = "<group>"; };
		495D877414AAA2CF003B2459 /* SBJsonBase.h */ = {isa = PBXFileReference; fileEncoding = 4; lastKnownFileType = sourcecode.c.h; path = SBJsonBase.h; sourceTree = "<group>"; };
		495D877514AAA2CF003B2459 /* SBJsonBase.m */ = {isa = PBXFileReference; fileEncoding = 4; lastKnownFileType = sourcecode.c.objc; path = SBJsonBase.m; sourceTree = "<group>"; };
		495D877614AAA2CF003B2459 /* SBJsonParser.h */ = {isa = PBXFileReference; fileEncoding = 4; lastKnownFileType = sourcecode.c.h; path = SBJsonParser.h; sourceTree = "<group>"; };
		495D877714AAA2CF003B2459 /* SBJsonParser.m */ = {isa = PBXFileReference; fileEncoding = 4; lastKnownFileType = sourcecode.c.objc; path = SBJsonParser.m; sourceTree = "<group>"; };
		495D877814AAA2CF003B2459 /* SBJsonWriter.h */ = {isa = PBXFileReference; fileEncoding = 4; lastKnownFileType = sourcecode.c.h; path = SBJsonWriter.h; sourceTree = "<group>"; };
		495D877914AAA2CF003B2459 /* SBJsonWriter.m */ = {isa = PBXFileReference; fileEncoding = 4; lastKnownFileType = sourcecode.c.objc; path = SBJsonWriter.m; sourceTree = "<group>"; };
		49B22908148428EE0061EBB1 /* Grubm.app */ = {isa = PBXFileReference; explicitFileType = wrapper.application; includeInIndex = 0; path = Grubm.app; sourceTree = BUILT_PRODUCTS_DIR; };
		49B2290C148428EE0061EBB1 /* Foundation.framework */ = {isa = PBXFileReference; lastKnownFileType = wrapper.framework; name = Foundation.framework; path = System/Library/Frameworks/Foundation.framework; sourceTree = SDKROOT; };
		49B2290E148428EE0061EBB1 /* UIKit.framework */ = {isa = PBXFileReference; lastKnownFileType = wrapper.framework; name = UIKit.framework; path = System/Library/Frameworks/UIKit.framework; sourceTree = SDKROOT; };
		49B22910148428EE0061EBB1 /* CoreGraphics.framework */ = {isa = PBXFileReference; lastKnownFileType = wrapper.framework; name = CoreGraphics.framework; path = System/Library/Frameworks/CoreGraphics.framework; sourceTree = SDKROOT; };
		49B22912148428EE0061EBB1 /* AddressBook.framework */ = {isa = PBXFileReference; lastKnownFileType = wrapper.framework; name = AddressBook.framework; path = System/Library/Frameworks/AddressBook.framework; sourceTree = SDKROOT; };
		49B22914148428EE0061EBB1 /* AddressBookUI.framework */ = {isa = PBXFileReference; lastKnownFileType = wrapper.framework; name = AddressBookUI.framework; path = System/Library/Frameworks/AddressBookUI.framework; sourceTree = SDKROOT; };
		49B22916148428EE0061EBB1 /* AudioToolbox.framework */ = {isa = PBXFileReference; lastKnownFileType = wrapper.framework; name = AudioToolbox.framework; path = System/Library/Frameworks/AudioToolbox.framework; sourceTree = SDKROOT; };
		49B22918148428EE0061EBB1 /* AVFoundation.framework */ = {isa = PBXFileReference; lastKnownFileType = wrapper.framework; name = AVFoundation.framework; path = System/Library/Frameworks/AVFoundation.framework; sourceTree = SDKROOT; };
		49B2291A148428EE0061EBB1 /* CoreLocation.framework */ = {isa = PBXFileReference; lastKnownFileType = wrapper.framework; name = CoreLocation.framework; path = System/Library/Frameworks/CoreLocation.framework; sourceTree = SDKROOT; };
		49B2291C148428EE0061EBB1 /* MediaPlayer.framework */ = {isa = PBXFileReference; lastKnownFileType = wrapper.framework; name = MediaPlayer.framework; path = System/Library/Frameworks/MediaPlayer.framework; sourceTree = SDKROOT; };
		49B2291E148428EE0061EBB1 /* QuartzCore.framework */ = {isa = PBXFileReference; lastKnownFileType = wrapper.framework; name = QuartzCore.framework; path = System/Library/Frameworks/QuartzCore.framework; sourceTree = SDKROOT; };
		49B22920148428EE0061EBB1 /* SystemConfiguration.framework */ = {isa = PBXFileReference; lastKnownFileType = wrapper.framework; name = SystemConfiguration.framework; path = System/Library/Frameworks/SystemConfiguration.framework; sourceTree = SDKROOT; };
		49B22922148428EE0061EBB1 /* MobileCoreServices.framework */ = {isa = PBXFileReference; lastKnownFileType = wrapper.framework; name = MobileCoreServices.framework; path = System/Library/Frameworks/MobileCoreServices.framework; sourceTree = SDKROOT; };
		49B22924148428EE0061EBB1 /* CoreMedia.framework */ = {isa = PBXFileReference; lastKnownFileType = wrapper.framework; name = CoreMedia.framework; path = System/Library/Frameworks/CoreMedia.framework; sourceTree = SDKROOT; };
		49B22928148428EE0061EBB1 /* Grubm-Info.plist */ = {isa = PBXFileReference; lastKnownFileType = text.plist.xml; path = "Grubm-Info.plist"; sourceTree = "<group>"; };
		49B2292A148428EE0061EBB1 /* en */ = {isa = PBXFileReference; lastKnownFileType = text.plist.strings; name = en; path = en.lproj/InfoPlist.strings; sourceTree = "<group>"; };
		49B2292C148428EE0061EBB1 /* Grubm-Prefix.pch */ = {isa = PBXFileReference; lastKnownFileType = sourcecode.c.h; path = "Grubm-Prefix.pch"; sourceTree = "<group>"; };
		49B2292D148428EE0061EBB1 /* main.m */ = {isa = PBXFileReference; lastKnownFileType = sourcecode.c.objc; path = main.m; sourceTree = "<group>"; };
		49B2292F148428EE0061EBB1 /* PhoneGap.framework */ = {isa = PBXFileReference; lastKnownFileType = wrapper.framework; name = PhoneGap.framework; path = /Users/Shared/PhoneGap/Frameworks/PhoneGap.framework; sourceTree = "<absolute>"; };
		49B22934148428EE0061EBB1 /* en */ = {isa = PBXFileReference; lastKnownFileType = text.plist.strings; name = en; path = Resources/en.lproj/Localizable.strings; sourceTree = "<group>"; };
		49B22938148428EE0061EBB1 /* es */ = {isa = PBXFileReference; lastKnownFileType = text.plist.strings; name = es; path = Resources/es.lproj/Localizable.strings; sourceTree = "<group>"; };
		49B2293B148428EE0061EBB1 /* icon.png */ = {isa = PBXFileReference; lastKnownFileType = image.png; name = icon.png; path = Resources/icons/icon.png; sourceTree = "<group>"; };
		49B2293D148428EE0061EBB1 /* icon@2x.png */ = {isa = PBXFileReference; lastKnownFileType = image.png; name = "icon@2x.png"; path = "Resources/icons/icon@2x.png"; sourceTree = "<group>"; };
		49B2293F148428EE0061EBB1 /* icon-72.png */ = {isa = PBXFileReference; lastKnownFileType = image.png; name = "icon-72.png"; path = "Resources/icons/icon-72.png"; sourceTree = "<group>"; };
		49B22942148428EE0061EBB1 /* Default.png */ = {isa = PBXFileReference; lastKnownFileType = image.png; name = Default.png; path = Resources/splash/Default.png; sourceTree = "<group>"; };
		49B22944148428EE0061EBB1 /* Default@2x.png */ = {isa = PBXFileReference; lastKnownFileType = image.png; name = "Default@2x.png"; path = "Resources/splash/Default@2x.png"; sourceTree = "<group>"; };
		49B22946148428EE0061EBB1 /* Capture.bundle */ = {isa = PBXFileReference; lastKnownFileType = "wrapper.plug-in"; name = Capture.bundle; path = Resources/Capture.bundle; sourceTree = "<group>"; };
		49B22948148428EE0061EBB1 /* PhoneGap.plist */ = {isa = PBXFileReference; lastKnownFileType = text.plist.xml; path = PhoneGap.plist; sourceTree = "<group>"; };
		49B2294B148428EE0061EBB1 /* AppDelegate.h */ = {isa = PBXFileReference; lastKnownFileType = sourcecode.c.h; name = AppDelegate.h; path = Classes/AppDelegate.h; sourceTree = "<group>"; };
		49B2294C148428EE0061EBB1 /* AppDelegate.m */ = {isa = PBXFileReference; lastKnownFileType = sourcecode.c.objc; name = AppDelegate.m; path = Classes/AppDelegate.m; sourceTree = "<group>"; };
		49B2294F148428EE0061EBB1 /* README */ = {isa = PBXFileReference; lastKnownFileType = text; name = README; path = Plugins/README; sourceTree = "<group>"; };
		49B22955148429990061EBB1 /* www */ = {isa = PBXFileReference; lastKnownFileType = folder; path = www; sourceTree = "<group>"; };
/* End PBXFileReference section */

/* Begin PBXFrameworksBuildPhase section */
		49B22902148428EE0061EBB1 /* Frameworks */ = {
			isa = PBXFrameworksBuildPhase;
			buildActionMask = 2147483647;
			files = (
				49B2290D148428EE0061EBB1 /* Foundation.framework in Frameworks */,
				49B2290F148428EE0061EBB1 /* UIKit.framework in Frameworks */,
				49B22911148428EE0061EBB1 /* CoreGraphics.framework in Frameworks */,
				49B22913148428EE0061EBB1 /* AddressBook.framework in Frameworks */,
				49B22915148428EE0061EBB1 /* AddressBookUI.framework in Frameworks */,
				49B22917148428EE0061EBB1 /* AudioToolbox.framework in Frameworks */,
				49B22919148428EE0061EBB1 /* AVFoundation.framework in Frameworks */,
				49B2291B148428EE0061EBB1 /* CoreLocation.framework in Frameworks */,
				49B2291D148428EE0061EBB1 /* MediaPlayer.framework in Frameworks */,
				49B2291F148428EE0061EBB1 /* QuartzCore.framework in Frameworks */,
				49B22921148428EE0061EBB1 /* SystemConfiguration.framework in Frameworks */,
				49B22923148428EE0061EBB1 /* MobileCoreServices.framework in Frameworks */,
				49B22925148428EE0061EBB1 /* CoreMedia.framework in Frameworks */,
				49B22930148428EE0061EBB1 /* PhoneGap.framework in Frameworks */,
			);
			runOnlyForDeploymentPostprocessing = 0;
		};
		49B22905148428EE0061EBB1 /* Frameworks */ = {
			isa = PBXFrameworksBuildPhase;
			buildActionMask = 2147483647;
			files = (
			);
			runOnlyForDeploymentPostprocessing = 0;
		};
/* End PBXFrameworksBuildPhase section */

/* Begin PBXGroup section */
		495D875214AAA1E2003B2459 /* ios */ = {
			isa = PBXGroup;
			children = (
				495D875314AAA1E2003B2459 /* FacebookConnectPlugin.h */,
				495D875414AAA1E2003B2459 /* FacebookConnectPlugin.m */,
			);
			path = ios;
			sourceTree = "<group>";
		};
		495D875714AAA280003B2459 /* Products */ = {
			isa = PBXGroup;
			children = (
				495D875E14AAA280003B2459 /* libfacebook_ios_sdk.a */,
			);
			name = Products;
			sourceTree = "<group>";
		};
		495D876114AAA2CF003B2459 /* FBConnect */ = {
			isa = PBXGroup;
			children = (
				495D876214AAA2CF003B2459 /* FBDialog.bundle */,
				495D876314AAA2CF003B2459 /* JSON */,
				495D876414AAA2CF003B2459 /* FBConnect.h */,
				495D876514AAA2CF003B2459 /* FBRequest.h */,
				495D876614AAA2CF003B2459 /* FBRequest.m */,
				495D876714AAA2CF003B2459 /* Facebook.m */,
				495D876814AAA2CF003B2459 /* Facebook.h */,
				495D876914AAA2CF003B2459 /* FBLoginDialog.h */,
				495D876A14AAA2CF003B2459 /* FBLoginDialog.m */,
				495D876B14AAA2CF003B2459 /* FBDialog.h */,
				495D876C14AAA2CF003B2459 /* FBDialog.m */,
			);
			name = FBConnect;
			path = "../../facebook-ios-sdk/src";
			sourceTree = "<group>";
		};
		495D876314AAA2CF003B2459 /* JSON */ = {
			isa = PBXGroup;
			children = (
				495D876D14AAA2CF003B2459 /* JSON.h */,
				495D876E14AAA2CF003B2459 /* NSObject+SBJSON.h */,
				495D876F14AAA2CF003B2459 /* NSObject+SBJSON.m */,
				495D877014AAA2CF003B2459 /* NSString+SBJSON.h */,
				495D877114AAA2CF003B2459 /* NSString+SBJSON.m */,
				495D877214AAA2CF003B2459 /* SBJSON.h */,
				495D877314AAA2CF003B2459 /* SBJSON.m */,
				495D877414AAA2CF003B2459 /* SBJsonBase.h */,
				495D877514AAA2CF003B2459 /* SBJsonBase.m */,
				495D877614AAA2CF003B2459 /* SBJsonParser.h */,
				495D877714AAA2CF003B2459 /* SBJsonParser.m */,
				495D877814AAA2CF003B2459 /* SBJsonWriter.h */,
				495D877914AAA2CF003B2459 /* SBJsonWriter.m */,
			);
			path = JSON;
			sourceTree = "<group>";
		};
		49B228FA148428EE0061EBB1 = {
			isa = PBXGroup;
			children = (
				495D875614AAA280003B2459 /* facebook-ios-sdk.xcodeproj */,
				49B22955148429990061EBB1 /* www */,
				49B22926148428EE0061EBB1 /* Grubm */,
				49B2290B148428EE0061EBB1 /* Frameworks */,
				49B22909148428EE0061EBB1 /* Products */,
			);
			sourceTree = "<group>";
		};
		49B22909148428EE0061EBB1 /* Products */ = {
			isa = PBXGroup;
			children = (
				49B22908148428EE0061EBB1 /* Grubm.app */,
			);
			name = Products;
			sourceTree = "<group>";
		};
		49B2290B148428EE0061EBB1 /* Frameworks */ = {
			isa = PBXGroup;
			children = (
				49B2290C148428EE0061EBB1 /* Foundation.framework */,
				49B2290E148428EE0061EBB1 /* UIKit.framework */,
				49B22910148428EE0061EBB1 /* CoreGraphics.framework */,
				49B22912148428EE0061EBB1 /* AddressBook.framework */,
				49B22914148428EE0061EBB1 /* AddressBookUI.framework */,
				49B22916148428EE0061EBB1 /* AudioToolbox.framework */,
				49B22918148428EE0061EBB1 /* AVFoundation.framework */,
				49B2291A148428EE0061EBB1 /* CoreLocation.framework */,
				49B2291C148428EE0061EBB1 /* MediaPlayer.framework */,
				49B2291E148428EE0061EBB1 /* QuartzCore.framework */,
				49B22920148428EE0061EBB1 /* SystemConfiguration.framework */,
				49B22922148428EE0061EBB1 /* MobileCoreServices.framework */,
				49B22924148428EE0061EBB1 /* CoreMedia.framework */,
			);
			name = Frameworks;
			sourceTree = "<group>";
		};
		49B22926148428EE0061EBB1 /* Grubm */ = {
			isa = PBXGroup;
			children = (
				49B2292F148428EE0061EBB1 /* PhoneGap.framework */,
				49B22931148428EE0061EBB1 /* Resources */,
				49B2294A148428EE0061EBB1 /* Classes */,
				49B2294E148428EE0061EBB1 /* Plugins */,
				49B22927148428EE0061EBB1 /* Supporting Files */,
			);
			path = Grubm;
			sourceTree = "<group>";
		};
		49B22927148428EE0061EBB1 /* Supporting Files */ = {
			isa = PBXGroup;
			children = (
				49B22928148428EE0061EBB1 /* Grubm-Info.plist */,
				49B22929148428EE0061EBB1 /* InfoPlist.strings */,
				49B2292C148428EE0061EBB1 /* Grubm-Prefix.pch */,
				49B2292D148428EE0061EBB1 /* main.m */,
				49B22948148428EE0061EBB1 /* PhoneGap.plist */,
			);
			name = "Supporting Files";
			sourceTree = "<group>";
		};
		49B22931148428EE0061EBB1 /* Resources */ = {
			isa = PBXGroup;
			children = (
				49B22946148428EE0061EBB1 /* Capture.bundle */,
				49B22932148428EE0061EBB1 /* en.lproj */,
				49B22936148428EE0061EBB1 /* es.lproj */,
				49B2293A148428EE0061EBB1 /* icons */,
				49B22941148428EE0061EBB1 /* splash */,
			);
			name = Resources;
			sourceTree = "<group>";
		};
		49B22932148428EE0061EBB1 /* en.lproj */ = {
			isa = PBXGroup;
			children = (
				49B22933148428EE0061EBB1 /* Localizable.strings */,
			);
			name = en.lproj;
			sourceTree = "<group>";
		};
		49B22936148428EE0061EBB1 /* es.lproj */ = {
			isa = PBXGroup;
			children = (
				49B22937148428EE0061EBB1 /* Localizable.strings */,
			);
			name = es.lproj;
			sourceTree = "<group>";
		};
		49B2293A148428EE0061EBB1 /* icons */ = {
			isa = PBXGroup;
			children = (
				49B2293B148428EE0061EBB1 /* icon.png */,
				49B2293D148428EE0061EBB1 /* icon@2x.png */,
				49B2293F148428EE0061EBB1 /* icon-72.png */,
			);
			name = icons;
			sourceTree = "<group>";
		};
		49B22941148428EE0061EBB1 /* splash */ = {
			isa = PBXGroup;
			children = (
				49B22942148428EE0061EBB1 /* Default.png */,
				49B22944148428EE0061EBB1 /* Default@2x.png */,
			);
			name = splash;
			sourceTree = "<group>";
		};
		49B2294A148428EE0061EBB1 /* Classes */ = {
			isa = PBXGroup;
			children = (
				49B2294B148428EE0061EBB1 /* AppDelegate.h */,
				49B2294C148428EE0061EBB1 /* AppDelegate.m */,
			);
			name = Classes;
			sourceTree = "<group>";
		};
		49B2294E148428EE0061EBB1 /* Plugins */ = {
			isa = PBXGroup;
			children = (
				495D876114AAA2CF003B2459 /* FBConnect */,
				495D875214AAA1E2003B2459 /* ios */,
				49B2294F148428EE0061EBB1 /* README */,
			);
			name = Plugins;
			sourceTree = "<group>";
		};
/* End PBXGroup section */

/* Begin PBXNativeTarget section */
		49B22907148428EE0061EBB1 /* Grubm */ = {
			isa = PBXNativeTarget;
			buildConfigurationList = 49B22952148428EE0061EBB1 /* Build configuration list for PBXNativeTarget "Grubm" */;
			buildPhases = (
				49B22901148428EE0061EBB1 /* Sources */,
				49B22902148428EE0061EBB1 /* Frameworks */,
				49B22903148428EE0061EBB1 /* Resources */,
				49B22904148428EE0061EBB1 /* Sources */,
				49B22905148428EE0061EBB1 /* Frameworks */,
				49B22906148428EE0061EBB1 /* ShellScript */,
			);
			buildRules = (
			);
			dependencies = (
				495D876014AAA289003B2459 /* PBXTargetDependency */,
			);
			name = Grubm;
			productName = Grubm;
			productReference = 49B22908148428EE0061EBB1 /* Grubm.app */;
			productType = "com.apple.product-type.application";
		};
/* End PBXNativeTarget section */

/* Begin PBXProject section */
		49B228FC148428EE0061EBB1 /* Project object */ = {
			isa = PBXProject;
			attributes = {
				LastUpgradeCheck = 0420;
				ORGANIZATIONNAME = None;
			};
			buildConfigurationList = 49B228FF148428EE0061EBB1 /* Build configuration list for PBXProject "Grubm" */;
			compatibilityVersion = "Xcode 3.2";
			developmentRegion = English;
			hasScannedForEncodings = 0;
			knownRegions = (
				en,
				es,
			);
			mainGroup = 49B228FA148428EE0061EBB1;
			productRefGroup = 49B22909148428EE0061EBB1 /* Products */;
			projectDirPath = "";
			projectReferences = (
				{
					ProductGroup = 495D875714AAA280003B2459 /* Products */;
					ProjectRef = 495D875614AAA280003B2459 /* facebook-ios-sdk.xcodeproj */;
				},
			);
			projectRoot = "";
			targets = (
				49B22907148428EE0061EBB1 /* Grubm */,
			);
		};
/* End PBXProject section */

/* Begin PBXReferenceProxy section */
		495D875E14AAA280003B2459 /* libfacebook_ios_sdk.a */ = {
			isa = PBXReferenceProxy;
			fileType = archive.ar;
			path = libfacebook_ios_sdk.a;
			remoteRef = 495D875D14AAA280003B2459 /* PBXContainerItemProxy */;
			sourceTree = BUILT_PRODUCTS_DIR;
		};
/* End PBXReferenceProxy section */

/* Begin PBXResourcesBuildPhase section */
		49B22903148428EE0061EBB1 /* Resources */ = {
			isa = PBXResourcesBuildPhase;
			buildActionMask = 2147483647;
			files = (
				49B2292B148428EE0061EBB1 /* InfoPlist.strings in Resources */,
				49B22935148428EE0061EBB1 /* Localizable.strings in Resources */,
				49B22939148428EE0061EBB1 /* Localizable.strings in Resources */,
				49B2293C148428EE0061EBB1 /* icon.png in Resources */,
				49B2293E148428EE0061EBB1 /* icon@2x.png in Resources */,
				49B22940148428EE0061EBB1 /* icon-72.png in Resources */,
				49B22943148428EE0061EBB1 /* Default.png in Resources */,
				49B22945148428EE0061EBB1 /* Default@2x.png in Resources */,
				49B22947148428EE0061EBB1 /* Capture.bundle in Resources */,
				49B22949148428EE0061EBB1 /* PhoneGap.plist in Resources */,
				49B22956148429990061EBB1 /* www in Resources */,
				495D877A14AAA2CF003B2459 /* FBDialog.bundle in Resources */,
			);
			runOnlyForDeploymentPostprocessing = 0;
		};
/* End PBXResourcesBuildPhase section */

/* Begin PBXShellScriptBuildPhase section */
		49B22906148428EE0061EBB1 /* ShellScript */ = {
			isa = PBXShellScriptBuildPhase;
			buildActionMask = 2147483647;
			files = (
			);
			inputPaths = (
			);
			outputPaths = (
			);
			runOnlyForDeploymentPostprocessing = 0;
			shellPath = /bin/bash;
			shellScript = "\n\t\t\t\t\t\t\t\tif [ ! -d \"$PROJECT_DIR/www\" ] ; then\n\t\t\t\t\t\t\t\t\tcp -R /Users/Shared/PhoneGap/Frameworks/PhoneGap.framework/www \"$PROJECT_DIR\"\n\t\t\t\t\t\t\t\tfi\n\t\t\t\t\t\t\t\t# detect www folder reference in project, if missing, print warning\n\t\t\t\t\t\t\t\tgrep \"{isa = PBXFileReference; lastKnownFileType = folder; path = www; sourceTree = \\\"<group>\\\"; };\" \"$PROJECT_DIR/$PROJECT_NAME.xcodeproj/project.pbxproj\"\n\t\t\t\t\t\t\t\trc=$? \n\t\t\t\t\t\t\t\tif [ $rc != 0 ] ; then\n\t\t\t\t\t\t\t\techo -e \"warning: Missing - Add $PROJECT_DIR/www as a folder reference in your project. Just drag and drop the folder into your project, into the Project Navigator of Xcode 4. Make sure you select the second radio-button: 'Create folder references for any added folders' (which will create a blue folder)\" 1>&2\n\t\t\t\t\t\t\t\tfi\t\t\t\t\t\t\t";
		};
/* End PBXShellScriptBuildPhase section */

/* Begin PBXSourcesBuildPhase section */
		49B22901148428EE0061EBB1 /* Sources */ = {
			isa = PBXSourcesBuildPhase;
			buildActionMask = 2147483647;
			files = (
				49B2292E148428EE0061EBB1 /* main.m in Sources */,
				49B2294D148428EE0061EBB1 /* AppDelegate.m in Sources */,
				495D875514AAA1E2003B2459 /* FacebookConnectPlugin.m in Sources */,
				495D877B14AAA2CF003B2459 /* NSObject+SBJSON.m in Sources */,
				495D877C14AAA2CF003B2459 /* NSString+SBJSON.m in Sources */,
				495D877D14AAA2CF003B2459 /* SBJSON.m in Sources */,
				495D877E14AAA2CF003B2459 /* SBJsonBase.m in Sources */,
				495D877F14AAA2CF003B2459 /* SBJsonParser.m in Sources */,
				495D878014AAA2CF003B2459 /* SBJsonWriter.m in Sources */,
				495D878114AAA2CF003B2459 /* FBRequest.m in Sources */,
				495D878214AAA2CF003B2459 /* Facebook.m in Sources */,
				495D878314AAA2CF003B2459 /* FBLoginDialog.m in Sources */,
				495D878414AAA2CF003B2459 /* FBDialog.m in Sources */,
			);
			runOnlyForDeploymentPostprocessing = 0;
		};
		49B22904148428EE0061EBB1 /* Sources */ = {
			isa = PBXSourcesBuildPhase;
			buildActionMask = 2147483647;
			files = (
			);
			runOnlyForDeploymentPostprocessing = 0;
		};
/* End PBXSourcesBuildPhase section */

/* Begin PBXTargetDependency section */
		495D876014AAA289003B2459 /* PBXTargetDependency */ = {
			isa = PBXTargetDependency;
			name = "facebook-ios-sdk";
			targetProxy = 495D875F14AAA289003B2459 /* PBXContainerItemProxy */;
		};
/* End PBXTargetDependency section */

/* Begin PBXVariantGroup section */
		49B22929148428EE0061EBB1 /* InfoPlist.strings */ = {
			isa = PBXVariantGroup;
			children = (
				49B2292A148428EE0061EBB1 /* en */,
			);
			name = InfoPlist.strings;
			sourceTree = "<group>";
		};
		49B22933148428EE0061EBB1 /* Localizable.strings */ = {
			isa = PBXVariantGroup;
			children = (
				49B22934148428EE0061EBB1 /* en */,
			);
			name = Localizable.strings;
			sourceTree = "<group>";
		};
		49B22937148428EE0061EBB1 /* Localizable.strings */ = {
			isa = PBXVariantGroup;
			children = (
				49B22938148428EE0061EBB1 /* es */,
			);
			name = Localizable.strings;
			sourceTree = "<group>";
		};
/* End PBXVariantGroup section */

/* Begin XCBuildConfiguration section */
		49B22950148428EE0061EBB1 /* Debug */ = {
			isa = XCBuildConfiguration;
			buildSettings = {
				ARCHS = "$(ARCHS_STANDARD_32_BIT)";
				"CODE_SIGN_IDENTITY[sdk=iphoneos*]" = "iPhone Developer";
				GCC_C_LANGUAGE_STANDARD = gnu99;
				GCC_OPTIMIZATION_LEVEL = 0;
				GCC_PREPROCESSOR_DEFINITIONS = DEBUG;
				GCC_SYMBOLS_PRIVATE_EXTERN = NO;
				GCC_VERSION = com.apple.compilers.llvmgcc42;
				GCC_WARN_ABOUT_RETURN_TYPE = YES;
				GCC_WARN_UNUSED_VARIABLE = YES;
				IPHONEOS_DEPLOYMENT_TARGET = 4.3;
				SDKROOT = iphoneos;
			};
			name = Debug;
		};
		49B22951148428EE0061EBB1 /* Release */ = {
			isa = XCBuildConfiguration;
			buildSettings = {
				ARCHS = "$(ARCHS_STANDARD_32_BIT)";
				"CODE_SIGN_IDENTITY[sdk=iphoneos*]" = "iPhone Developer";
				GCC_C_LANGUAGE_STANDARD = gnu99;
				GCC_VERSION = com.apple.compilers.llvmgcc42;
				GCC_WARN_ABOUT_RETURN_TYPE = YES;
				GCC_WARN_UNUSED_VARIABLE = YES;
				IPHONEOS_DEPLOYMENT_TARGET = 4.3;
				SDKROOT = iphoneos;
			};
			name = Release;
		};
		49B22953148428EE0061EBB1 /* Debug */ = {
			isa = XCBuildConfiguration;
			buildSettings = {
				ALWAYS_SEARCH_USER_PATHS = YES;
				CODE_SIGN_IDENTITY = "iPhone Developer: Derrick Ellerbie (DN5AR4HK4U)";
				COPY_PHASE_STRIP = NO;
				FRAMEWORK_SEARCH_PATHS = /Users/Shared/PhoneGap/Frameworks;
				GCC_DYNAMIC_NO_PIC = NO;
				GCC_PRECOMPILE_PREFIX_HEADER = YES;
				GCC_PREFIX_HEADER = "Grubm/Grubm-Prefix.pch";
				GCC_PREPROCESSOR_DEFINITIONS = "PHONEGAP_FRAMEWORK=YES";
				GCC_VERSION = com.apple.compilers.llvm.clang.1_0;
				HEADER_SEARCH_PATHS = /Users/Shared/PhoneGap/Frameworks/PhoneGap.framework/Headers;
				INFOPLIST_FILE = "Grubm/Grubm-Info.plist";
				IPHONEOS_DEPLOYMENT_TARGET = 5.0;
				OTHER_LDFLAGS = (
					"-weak_framework",
					UIKit,
					"-weak_framework",
					AVFoundation,
					"-weak_framework",
					CoreMedia,
					"-weak_library",
					/usr/lib/libSystem.B.dylib,
				);
				PRODUCT_NAME = Grubm;
				PROVISIONING_PROFILE = "8CD8AD53-FCE9-4DB5-A5BC-0C22BAF228F5";
				TARGETED_DEVICE_FAMILY = "1,2";
				WRAPPER_EXTENSION = app;
			};
			name = Debug;
		};
		49B22954148428EE0061EBB1 /* Release */ = {
			isa = XCBuildConfiguration;
			buildSettings = {
				ALWAYS_SEARCH_USER_PATHS = YES;
				CODE_SIGN_IDENTITY = "iPhone Developer: Derrick Ellerbie (DN5AR4HK4U)";
				COPY_PHASE_STRIP = YES;
				DEBUG_INFORMATION_FORMAT = "dwarf-with-dsym";
				FRAMEWORK_SEARCH_PATHS = /Users/Shared/PhoneGap/Frameworks;
				GCC_PRECOMPILE_PREFIX_HEADER = YES;
				GCC_PREFIX_HEADER = "Grubm/Grubm-Prefix.pch";
				GCC_PREPROCESSOR_DEFINITIONS = "PHONEGAP_FRAMEWORK=YES";
				GCC_VERSION = com.apple.compilers.llvm.clang.1_0;
				HEADER_SEARCH_PATHS = /Users/Shared/PhoneGap/Frameworks/PhoneGap.framework/Headers;
				INFOPLIST_FILE = "Grubm/Grubm-Info.plist";
				IPHONEOS_DEPLOYMENT_TARGET = 5.0;
				OTHER_LDFLAGS = (
					"-weak_framework",
					UIKit,
					"-weak_framework",
					AVFoundation,
					"-weak_framework",
					CoreMedia,
					"-weak_library",
					/usr/lib/libSystem.B.dylib,
				);
				PRODUCT_NAME = Grubm;
				PROVISIONING_PROFILE = "8CD8AD53-FCE9-4DB5-A5BC-0C22BAF228F5";
				TARGETED_DEVICE_FAMILY = "1,2";
				VALIDATE_PRODUCT = YES;
				WRAPPER_EXTENSION = app;
			};
			name = Release;
		};
/* End XCBuildConfiguration section */

/* Begin XCConfigurationList section */
		49B228FF148428EE0061EBB1 /* Build configuration list for PBXProject "Grubm" */ = {
			isa = XCConfigurationList;
			buildConfigurations = (
				49B22950148428EE0061EBB1 /* Debug */,
				49B22951148428EE0061EBB1 /* Release */,
			);
			defaultConfigurationIsVisible = 0;
			defaultConfigurationName = Release;
		};
		49B22952148428EE0061EBB1 /* Build configuration list for PBXNativeTarget "Grubm" */ = {
			isa = XCConfigurationList;
			buildConfigurations = (
				49B22953148428EE0061EBB1 /* Debug */,
				49B22954148428EE0061EBB1 /* Release */,
			);
			defaultConfigurationIsVisible = 0;
			defaultConfigurationName = Release;
		};
/* End XCConfigurationList section */
	};
	rootObject = 49B228FC148428EE0061EBB1 /* Project object */;
}
